
Microsoft Visual Studio Solution File, Format Version 12.00
# Visual Studio 15
VisualStudioVersion = 15.0.28010.2050
MinimumVisualStudioVersion = 10.0.40219.1
Project("{8BC9CEB8-8B4A-11D0-8D11-00A0C91BC942}") = "AmsTask1", "AmsTask1\AmsTask1.vcxproj", "{BE35A04F-30A6-4C2E-ABAE-638F95D668E7}"
EndProject
Global
	GlobalSection(SolutionConfigurationPlatforms) = preSolution
		Debug|x64 = Debug|x64
		Debug|x86 = Debug|x86
		Release|x64 = Release|x64
		Release|x86 = Release|x86
	EndGlobalSection
	GlobalSection(ProjectConfigurationPlatforms) = postSolution
		{BE35A04F-30A6-4C2E-ABAE-638F95D668E7}.Debug|x64.ActiveCfg = Debug|x64
		{BE35A04F-30A6-4C2E-ABAE-638F95D668E7}.Debug|x64.Build.0 = Debug|x64
		{BE35A04F-30A6-4C2E-ABAE-638F95D668E7}.Debug|x86.ActiveCfg = Debug|Win32
		{BE35A04F-30A6-4C2E-ABAE-638F95D668E7}.Debug|x86.Build.0 = Debug|Win32
		{BE35A04F-30A6-4C2E-ABAE-638F95D668E7}.Release|x64.ActiveCfg = Release|x64
		{BE35A04F-30A6-4C2E-ABAE-638F95D668E7}.Release|x64.Build.0 = Release|x64
		{BE35A04F-30A6-4C2E-ABAE-638F95D668E7}.Release|x86.ActiveCfg = Release|Win32
		{BE35A04F-30A6-4C2E-ABAE-638F95D668E7}.Release|x86.Build.0 = Release|Win32
	EndGlobalSection
	GlobalSection(SolutionProperties) = preSolution
		HideSolutionNode = FALSE
	EndGlobalSection
	GlobalSection(ExtensibilityGlobals) = postSolution
		SolutionGuid = {53E5FED9-8D09-48C4-8D75-DE3C4FBE1A29}
	EndGlobalSection
EndGlobal
